
Microsoft Visual Studio Solution File, Format Version 12.00
# Visual Studio Version 16
VisualStudioVersion = 16.0.31005.135
MinimumVisualStudioVersion = 10.0.40219.1
Project("{FAE04EC0-301F-11D3-BF4B-00C04F79EFBC}") = "LinkedListCycleSolution", "LinkedListCycleSolution\LinkedListCycleSolution.csproj", "{71BAB176-9273-4D8D-951B-BD715929F8FE}"
EndProject
Global
	GlobalSection(SolutionConfigurationPlatforms) = preSolution
		Debug|Any CPU = Debug|Any CPU
		Release|Any CPU = Release|Any CPU
	EndGlobalSection
	GlobalSection(ProjectConfigurationPlatforms) = postSolution
		{71BAB176-9273-4D8D-951B-BD715929F8FE}.Debug|Any CPU.ActiveCfg = Debug|Any CPU
		{71BAB176-9273-4D8D-951B-BD715929F8FE}.Debug|Any CPU.Build.0 = Debug|Any CPU
		{71BAB176-9273-4D8D-951B-BD715929F8FE}.Release|Any CPU.ActiveCfg = Release|Any CPU
		{71BAB176-9273-4D8D-951B-BD715929F8FE}.Release|Any CPU.Build.0 = Release|Any CPU
	EndGlobalSection
	GlobalSection(SolutionProperties) = preSolution
		HideSolutionNode = FALSE
	EndGlobalSection
	GlobalSection(ExtensibilityGlobals) = postSolution
		SolutionGuid = {1910968C-8B83-4EAE-A672-A23CC05A7BD7}
	EndGlobalSection
EndGlobal
